lockfileVersion: '6.0'

settings:
  autoInstallPeers: true
  excludeLinksFromLockfile: false

dependencies:
  '@marais/bench':
    specifier: 0.0.8
    version: 0.0.8
  dataloader:
    specifier: ^2.2.2
    version: 2.2.2
  dldr:
    specifier: file:../
    version: file:..

packages:

  /@marais/bench@0.0.8:
    resolution: {integrity: sha512-DZ3TqK1eUN77E2nV2Aj2aady61rveJGqGAPNQglzoJL001HJq9elFLRS6pw25e6geIEmRld9cJ5F/EHFUYa+DQ==}
    dependencies:
      '@thi.ng/bench': 3.2.11
    dev: false

  /@thi.ng/api@8.8.1:
    resolution: {integrity: sha512-ugTtl3dvOuRsLAF9hZcd/ULBXDG0cAacEQ26jRY00JEEwdy24WR1DOO4iL2mHei0vm2HyvfJ8IlJoRR7mSSqUA==}
    engines: {node: '>=12.7'}
    dev: false

  /@thi.ng/bench@3.2.11:
    resolution: {integrity: sha512-1SSCfwbIXJ9KUIjAaLZEmKSC5OCQf5hDpmzLXlhDFr1SlOaBYXgtu+k8GrSRqmu2kezTV0u23nfW7LSJ5YX2ZA==}
    engines: {node: '>=12.7'}
    dependencies:
      '@thi.ng/api': 8.8.1
    dev: false

  /dataloader@2.2.2:
    resolution: {integrity: sha512-8YnDaaf7N3k/q5HnTJVuzSyLETjoZjVmHc4AeKAzOvKHEFQKcn64OKBfzHYtE9zGjctNM7V9I0MfnUVLpi7M5g==}
    dev: false

  /object-identity@0.1.2:
    resolution: {integrity: sha512-Px5puVllX5L2aBjbcfXpiG5xXeq6OE8RckryTeP2Zq+0PgYrCGJXmC6LblWgknKSJs11Je2W4U2NOWFj3t/QXQ==}
    dev: false

  file:..:
    resolution: {directory: .., type: directory}
    name: dldr
    dependencies:
      object-identity: 0.1.2
    dev: false
