lockfileVersion: '6.0'

devDependencies:
  '@thi.ng/bench':
    specifier: ^3.2.9
    version: 3.2.9
  dataloader:
    specifier: ^2.2.2
    version: 2.2.2
  dldr:
    specifier: file:../
    version: file:..

packages:

  /@thi.ng/api@8.7.6:
    resolution: {integrity: sha512-Uo+8Pn+fZaZd2tmxbwxgZC1WHeiIZ2SA0Q0u33be/cJwmlkSZi6Mmj6HSi55leeGcHJ5P6n7f+Bx91zSPNkP9w==}
    engines: {node: '>=12.7'}
    dev: true

  /@thi.ng/bench@3.2.9:
    resolution: {integrity: sha512-DxuxHHexbY2ArpWBrm6ddXztyEM8JGC6QI/u38GyvdzqGgK9+M2zkP7e1vPnYg0SgOT/t2M7UqygCzo0OPfTyA==}
    engines: {node: '>=12.7'}
    dependencies:
      '@thi.ng/api': 8.7.6
    dev: true

  /dataloader@2.2.2:
    resolution: {integrity: sha512-8YnDaaf7N3k/q5HnTJVuzSyLETjoZjVmHc4AeKAzOvKHEFQKcn64OKBfzHYtE9zGjctNM7V9I0MfnUVLpi7M5g==}
    dev: true

  file:..:
    resolution: {directory: .., type: directory}
    name: dldr
    version: 0.0.4
    dev: true
